
Microsoft Visual Studio Solution File, Format Version 12.00
# Visual Studio 15
VisualStudioVersion = 15.0.26228.4
MinimumVisualStudioVersion = 10.0.40219.1
Project("{FAE04EC0-301F-11D3-BF4B-00C04F79EFBC}") = "ChoreWheelApp.Android", "ChoreWheelApp\ChoreWheelApp.Android\ChoreWheelApp.Android.csproj", "{D2BA7C86-76AB-447D-9649-B1126175B5BA}"
EndProject
Project("{FAE04EC0-301F-11D3-BF4B-00C04F79EFBC}") = "ChoreWheelApp", "ChoreWheelApp\ChoreWheelApp\ChoreWheelApp.csproj", "{74627C5C-CFBD-436A-B580-C0B168C7DA56}"
EndProject
Project("{FAE04EC0-301F-11D3-BF4B-00C04F79EFBC}") = "ChoreWheelApp.UWP", "ChoreWheelApp\ChoreWheelApp.UWP\ChoreWheelApp.UWP.csproj", "{DF091273-7984-4148-9D5A-D20E15F8EAFA}"
EndProject
Project("{FAE04EC0-301F-11D3-BF4B-00C04F79EFBC}") = "ChoreWheelApp.iOS", "ChoreWheelApp\ChoreWheelApp.iOS\ChoreWheelApp.iOS.csproj", "{4E2FD723-A8EF-46EF-9F5F-B91493032796}"
EndProject
Global
	GlobalSection(SolutionConfigurationPlatforms) = preSolution
		Ad-Hoc|Any CPU = Ad-Hoc|Any CPU
		Ad-Hoc|ARM = Ad-Hoc|ARM
		Ad-Hoc|iPhone = Ad-Hoc|iPhone
		Ad-Hoc|iPhoneSimulator = Ad-Hoc|iPhoneSimulator
		Ad-Hoc|x64 = Ad-Hoc|x64
		Ad-Hoc|x86 = Ad-Hoc|x86
		AppStore|Any CPU = AppStore|Any CPU
		AppStore|ARM = AppStore|ARM
		AppStore|iPhone = AppStore|iPhone
		AppStore|iPhoneSimulator = AppStore|iPhoneSimulator
		AppStore|x64 = AppStore|x64
		AppStore|x86 = AppStore|x86
		Debug|Any CPU = Debug|Any CPU
		Debug|ARM = Debug|ARM
		Debug|iPhone = Debug|iPhone
		Debug|iPhoneSimulator = Debug|iPhoneSimulator
		Debug|x64 = Debug|x64
		Debug|x86 = Debug|x86
		Release|Any CPU = Release|Any CPU
		Release|ARM = Release|ARM
		Release|iPhone = Release|iPhone
		Release|iPhoneSimulator = Release|iPhoneSimulator
		Release|x64 = Release|x64
		Release|x86 = Release|x86
	EndGlobalSection
	GlobalSection(ProjectConfigurationPlatforms) = postSolution
		{D2BA7C86-76AB-447D-9649-B1126175B5BA}.Ad-Hoc|Any CPU.ActiveCfg = Release|Any CPU
		{D2BA7C86-76AB-447D-9649-B1126175B5BA}.Ad-Hoc|Any CPU.Build.0 = Release|Any CPU
		{D2BA7C86-76AB-447D-9649-B1126175B5BA}.Ad-Hoc|Any CPU.Deploy.0 = Release|Any CPU
		{D2BA7C86-76AB-447D-9649-B1126175B5BA}.Ad-Hoc|ARM.ActiveCfg = Release|Any CPU
		{D2BA7C86-76AB-447D-9649-B1126175B5BA}.Ad-Hoc|ARM.Build.0 = Release|Any CPU
		{D2BA7C86-76AB-447D-9649-B1126175B5BA}.Ad-Hoc|ARM.Deploy.0 = Release|Any CPU
		{D2BA7C86-76AB-447D-9649-B1126175B5BA}.Ad-Hoc|iPhone.ActiveCfg = Release|Any CPU
		{D2BA7C86-76AB-447D-9649-B1126175B5BA}.Ad-Hoc|iPhone.Build.0 = Release|Any CPU
		{D2BA7C86-76AB-447D-9649-B1126175B5BA}.Ad-Hoc|iPhone.Deploy.0 = Release|Any CPU
		{D2BA7C86-76AB-447D-9649-B1126175B5BA}.Ad-Hoc|iPhoneSimulator.ActiveCfg = Release|Any CPU
		{D2BA7C86-76AB-447D-9649-B1126175B5BA}.Ad-Hoc|iPhoneSimulator.Build.0 = Release|Any CPU
		{D2BA7C86-76AB-447D-9649-B1126175B5BA}.Ad-Hoc|iPhoneSimulator.Deploy.0 = Release|Any CPU
		{D2BA7C86-76AB-447D-9649-B1126175B5BA}.Ad-Hoc|x64.ActiveCfg = Release|Any CPU
		{D2BA7C86-76AB-447D-9649-B1126175B5BA}.Ad-Hoc|x64.Build.0 = Release|Any CPU
		{D2BA7C86-76AB-447D-9649-B1126175B5BA}.Ad-Hoc|x64.Deploy.0 = Release|Any CPU
		{D2BA7C86-76AB-447D-9649-B1126175B5BA}.Ad-Hoc|x86.ActiveCfg = Release|Any CPU
		{D2BA7C86-76AB-447D-9649-B1126175B5BA}.Ad-Hoc|x86.Build.0 = Release|Any CPU
		{D2BA7C86-76AB-447D-9649-B1126175B5BA}.Ad-Hoc|x86.Deploy.0 = Release|Any CPU
		{D2BA7C86-76AB-447D-9649-B1126175B5BA}.AppStore|Any CPU.ActiveCfg = Release|Any CPU
		{D2BA7C86-76AB-447D-9649-B1126175B5BA}.AppStore|Any CPU.Build.0 = Release|Any CPU
		{D2BA7C86-76AB-447D-9649-B1126175B5BA}.AppStore|Any CPU.Deploy.0 = Release|Any CPU
		{D2BA7C86-76AB-447D-9649-B1126175B5BA}.AppStore|ARM.ActiveCfg = Release|Any CPU
		{D2BA7C86-76AB-447D-9649-B1126175B5BA}.AppStore|ARM.Build.0 = Release|Any CPU
		{D2BA7C86-76AB-447D-9649-B1126175B5BA}.AppStore|ARM.Deploy.0 = Release|Any CPU
		{D2BA7C86-76AB-447D-9649-B1126175B5BA}.AppStore|iPhone.ActiveCfg = Release|Any CPU
		{D2BA7C86-76AB-447D-9649-B1126175B5BA}.AppStore|iPhone.Build.0 = Release|Any CPU
		{D2BA7C86-76AB-447D-9649-B1126175B5BA}.AppStore|iPhone.Deploy.0 = Release|Any CPU
		{D2BA7C86-76AB-447D-9649-B1126175B5BA}.AppStore|iPhoneSimulator.ActiveCfg = Release|Any CPU
		{D2BA7C86-76AB-447D-9649-B1126175B5BA}.AppStore|iPhoneSimulator.Build.0 = Release|Any CPU
		{D2BA7C86-76AB-447D-9649-B1126175B5BA}.AppStore|iPhoneSimulator.Deploy.0 = Release|Any CPU
		{D2BA7C86-76AB-447D-9649-B1126175B5BA}.AppStore|x64.ActiveCfg = Release|Any CPU
		{D2BA7C86-76AB-447D-9649-B1126175B5BA}.AppStore|x64.Build.0 = Release|Any CPU
		{D2BA7C86-76AB-447D-9649-B1126175B5BA}.AppStore|x64.Deploy.0 = Release|Any CPU
		{D2BA7C86-76AB-447D-9649-B1126175B5BA}.AppStore|x86.ActiveCfg = Release|Any CPU
		{D2BA7C86-76AB-447D-9649-B1126175B5BA}.AppStore|x86.Build.0 = Release|Any CPU
		{D2BA7C86-76AB-447D-9649-B1126175B5BA}.AppStore|x86.Deploy.0 = Release|Any CPU
		{D2BA7C86-76AB-447D-9649-B1126175B5BA}.Debug|Any CPU.ActiveCfg = Debug|Any CPU
		{D2BA7C86-76AB-447D-9649-B1126175B5BA}.Debug|Any CPU.Build.0 = Debug|Any CPU
		{D2BA7C86-76AB-447D-9649-B1126175B5BA}.Debug|Any CPU.Deploy.0 = Debug|Any CPU
		{D2BA7C86-76AB-447D-9649-B1126175B5BA}.Debug|ARM.ActiveCfg = Debug|Any CPU
		{D2BA7C86-76AB-447D-9649-B1126175B5BA}.Debug|ARM.Build.0 = Debug|Any CPU
		{D2BA7C86-76AB-447D-9649-B1126175B5BA}.Debug|ARM.Deploy.0 = Debug|Any CPU
		{D2BA7C86-76AB-447D-9649-B1126175B5BA}.Debug|iPhone.ActiveCfg = Debug|Any CPU
		{D2BA7C86-76AB-447D-9649-B1126175B5BA}.Debug|iPhone.Build.0 = Debug|Any CPU
		{D2BA7C86-76AB-447D-9649-B1126175B5BA}.Debug|iPhone.Deploy.0 = Debug|Any CPU
		{D2BA7C86-76AB-447D-9649-B1126175B5BA}.Debug|iPhoneSimulator.ActiveCfg = Debug|Any CPU
		{D2BA7C86-76AB-447D-9649-B1126175B5BA}.Debug|iPhoneSimulator.Build.0 = Debug|Any CPU
		{D2BA7C86-76AB-447D-9649-B1126175B5BA}.Debug|iPhoneSimulator.Deploy.0 = Debug|Any CPU
		{D2BA7C86-76AB-447D-9649-B1126175B5BA}.Debug|x64.ActiveCfg = Debug|Any CPU
		{D2BA7C86-76AB-447D-9649-B1126175B5BA}.Debug|x64.Build.0 = Debug|Any CPU
		{D2BA7C86-76AB-447D-9649-B1126175B5BA}.Debug|x64.Deploy.0 = Debug|Any CPU
		{D2BA7C86-76AB-447D-9649-B1126175B5BA}.Debug|x86.ActiveCfg = Debug|Any CPU
		{D2BA7C86-76AB-447D-9649-B1126175B5BA}.Debug|x86.Build.0 = Debug|Any CPU
		{D2BA7C86-76AB-447D-9649-B1126175B5BA}.Debug|x86.Deploy.0 = Debug|Any CPU
		{D2BA7C86-76AB-447D-9649-B1126175B5BA}.Release|Any CPU.ActiveCfg = Release|Any CPU
		{D2BA7C86-76AB-447D-9649-B1126175B5BA}.Release|Any CPU.Build.0 = Release|Any CPU
		{D2BA7C86-76AB-447D-9649-B1126175B5BA}.Release|Any CPU.Deploy.0 = Release|Any CPU
		{D2BA7C86-76AB-447D-9649-B1126175B5BA}.Release|ARM.ActiveCfg = Release|Any CPU
		{D2BA7C86-76AB-447D-9649-B1126175B5BA}.Release|ARM.Build.0 = Release|Any CPU
		{D2BA7C86-76AB-447D-9649-B1126175B5BA}.Release|ARM.Deploy.0 = Release|Any CPU
		{D2BA7C86-76AB-447D-9649-B1126175B5BA}.Release|iPhone.ActiveCfg = Release|Any CPU
		{D2BA7C86-76AB-447D-9649-B1126175B5BA}.Release|iPhone.Build.0 = Release|Any CPU
		{D2BA7C86-76AB-447D-9649-B1126175B5BA}.Release|iPhone.Deploy.0 = Release|Any CPU
		{D2BA7C86-76AB-447D-9649-B1126175B5BA}.Release|iPhoneSimulator.ActiveCfg = Release|Any CPU
		{D2BA7C86-76AB-447D-9649-B1126175B5BA}.Release|iPhoneSimulator.Build.0 = Release|Any CPU
		{D2BA7C86-76AB-447D-9649-B1126175B5BA}.Release|iPhoneSimulator.Deploy.0 = Release|Any CPU
		{D2BA7C86-76AB-447D-9649-B1126175B5BA}.Release|x64.ActiveCfg = Release|Any CPU
		{D2BA7C86-76AB-447D-9649-B1126175B5BA}.Release|x64.Build.0 = Release|Any CPU
		{D2BA7C86-76AB-447D-9649-B1126175B5BA}.Release|x64.Deploy.0 = Release|Any CPU
		{D2BA7C86-76AB-447D-9649-B1126175B5BA}.Release|x86.ActiveCfg = Release|Any CPU
		{D2BA7C86-76AB-447D-9649-B1126175B5BA}.Release|x86.Build.0 = Release|Any CPU
		{D2BA7C86-76AB-447D-9649-B1126175B5BA}.Release|x86.Deploy.0 = Release|Any CPU
		{74627C5C-CFBD-436A-B580-C0B168C7DA56}.Ad-Hoc|Any CPU.ActiveCfg = Release|Any CPU
		{74627C5C-CFBD-436A-B580-C0B168C7DA56}.Ad-Hoc|Any CPU.Build.0 = Release|Any CPU
		{74627C5C-CFBD-436A-B580-C0B168C7DA56}.Ad-Hoc|ARM.ActiveCfg = Release|Any CPU
		{74627C5C-CFBD-436A-B580-C0B168C7DA56}.Ad-Hoc|ARM.Build.0 = Release|Any CPU
		{74627C5C-CFBD-436A-B580-C0B168C7DA56}.Ad-Hoc|iPhone.ActiveCfg = Release|Any CPU
		{74627C5C-CFBD-436A-B580-C0B168C7DA56}.Ad-Hoc|iPhone.Build.0 = Release|Any CPU
		{74627C5C-CFBD-436A-B580-C0B168C7DA56}.Ad-Hoc|iPhoneSimulator.ActiveCfg = Release|Any CPU
		{74627C5C-CFBD-436A-B580-C0B168C7DA56}.Ad-Hoc|iPhoneSimulator.Build.0 = Release|Any CPU
		{74627C5C-CFBD-436A-B580-C0B168C7DA56}.Ad-Hoc|x64.ActiveCfg = Release|Any CPU
		{74627C5C-CFBD-436A-B580-C0B168C7DA56}.Ad-Hoc|x64.Build.0 = Release|Any CPU
		{74627C5C-CFBD-436A-B580-C0B168C7DA56}.Ad-Hoc|x86.ActiveCfg = Release|Any CPU
		{74627C5C-CFBD-436A-B580-C0B168C7DA56}.Ad-Hoc|x86.Build.0 = Release|Any CPU
		{74627C5C-CFBD-436A-B580-C0B168C7DA56}.AppStore|Any CPU.ActiveCfg = Release|Any CPU
		{74627C5C-CFBD-436A-B580-C0B168C7DA56}.AppStore|Any CPU.Build.0 = Release|Any CPU
		{74627C5C-CFBD-436A-B580-C0B168C7DA56}.AppStore|ARM.ActiveCfg = Release|Any CPU
		{74627C5C-CFBD-436A-B580-C0B168C7DA56}.AppStore|ARM.Build.0 = Release|Any CPU
		{74627C5C-CFBD-436A-B580-C0B168C7DA56}.AppStore|iPhone.ActiveCfg = Release|Any CPU
		{74627C5C-CFBD-436A-B580-C0B168C7DA56}.AppStore|iPhone.Build.0 = Release|Any CPU
		{74627C5C-CFBD-436A-B580-C0B168C7DA56}.AppStore|iPhoneSimulator.ActiveCfg = Release|Any CPU
		{74627C5C-CFBD-436A-B580-C0B168C7DA56}.AppStore|iPhoneSimulator.Build.0 = Release|Any CPU
		{74627C5C-CFBD-436A-B580-C0B168C7DA56}.AppStore|x64.ActiveCfg = Release|Any CPU
		{74627C5C-CFBD-436A-B580-C0B168C7DA56}.AppStore|x64.Build.0 = Release|Any CPU
		{74627C5C-CFBD-436A-B580-C0B168C7DA56}.AppStore|x86.ActiveCfg = Release|Any CPU
		{74627C5C-CFBD-436A-B580-C0B168C7DA56}.AppStore|x86.Build.0 = Release|Any CPU
		{74627C5C-CFBD-436A-B580-C0B168C7DA56}.Debug|Any CPU.ActiveCfg = Debug|Any CPU
		{74627C5C-CFBD-436A-B580-C0B168C7DA56}.Debug|Any CPU.Build.0 = Debug|Any CPU
		{74627C5C-CFBD-436A-B580-C0B168C7DA56}.Debug|ARM.ActiveCfg = Debug|Any CPU
		{74627C5C-CFBD-436A-B580-C0B168C7DA56}.Debug|ARM.Build.0 = Debug|Any CPU
		{74627C5C-CFBD-436A-B580-C0B168C7DA56}.Debug|iPhone.ActiveCfg = Debug|Any CPU
		{74627C5C-CFBD-436A-B580-C0B168C7DA56}.Debug|iPhone.Build.0 = Debug|Any CPU
		{74627C5C-CFBD-436A-B580-C0B168C7DA56}.Debug|iPhoneSimulator.ActiveCfg = Debug|Any CPU
		{74627C5C-CFBD-436A-B580-C0B168C7DA56}.Debug|iPhoneSimulator.Build.0 = Debug|Any CPU
		{74627C5C-CFBD-436A-B580-C0B168C7DA56}.Debug|x64.ActiveCfg = Debug|Any CPU
		{74627C5C-CFBD-436A-B580-C0B168C7DA56}.Debug|x64.Build.0 = Debug|Any CPU
		{74627C5C-CFBD-436A-B580-C0B168C7DA56}.Debug|x86.ActiveCfg = Debug|Any CPU
		{74627C5C-CFBD-436A-B580-C0B168C7DA56}.Debug|x86.Build.0 = Debug|Any CPU
		{74627C5C-CFBD-436A-B580-C0B168C7DA56}.Release|Any CPU.ActiveCfg = Release|Any CPU
		{74627C5C-CFBD-436A-B580-C0B168C7DA56}.Release|Any CPU.Build.0 = Release|Any CPU
		{74627C5C-CFBD-436A-B580-C0B168C7DA56}.Release|ARM.ActiveCfg = Release|Any CPU
		{74627C5C-CFBD-436A-B580-C0B168C7DA56}.Release|ARM.Build.0 = Release|Any CPU
		{74627C5C-CFBD-436A-B580-C0B168C7DA56}.Release|iPhone.ActiveCfg = Release|Any CPU
		{74627C5C-CFBD-436A-B580-C0B168C7DA56}.Release|iPhone.Build.0 = Release|Any CPU
		{74627C5C-CFBD-436A-B580-C0B168C7DA56}.Release|iPhoneSimulator.ActiveCfg = Release|Any CPU
		{74627C5C-CFBD-436A-B580-C0B168C7DA56}.Release|iPhoneSimulator.Build.0 = Release|Any CPU
		{74627C5C-CFBD-436A-B580-C0B168C7DA56}.Release|x64.ActiveCfg = Release|Any CPU
		{74627C5C-CFBD-436A-B580-C0B168C7DA56}.Release|x64.Build.0 = Release|Any CPU
		{74627C5C-CFBD-436A-B580-C0B168C7DA56}.Release|x86.ActiveCfg = Release|Any CPU
		{74627C5C-CFBD-436A-B580-C0B168C7DA56}.Release|x86.Build.0 = Release|Any CPU
		{DF091273-7984-4148-9D5A-D20E15F8EAFA}.Ad-Hoc|Any CPU.ActiveCfg = Release|x86
		{DF091273-7984-4148-9D5A-D20E15F8EAFA}.Ad-Hoc|Any CPU.Build.0 = Release|x86
		{DF091273-7984-4148-9D5A-D20E15F8EAFA}.Ad-Hoc|Any CPU.Deploy.0 = Release|x86
		{DF091273-7984-4148-9D5A-D20E15F8EAFA}.Ad-Hoc|ARM.ActiveCfg = Release|ARM
		{DF091273-7984-4148-9D5A-D20E15F8EAFA}.Ad-Hoc|ARM.Build.0 = Release|ARM
		{DF091273-7984-4148-9D5A-D20E15F8EAFA}.Ad-Hoc|ARM.Deploy.0 = Release|ARM
		{DF091273-7984-4148-9D5A-D20E15F8EAFA}.Ad-Hoc|iPhone.ActiveCfg = Release|x86
		{DF091273-7984-4148-9D5A-D20E15F8EAFA}.Ad-Hoc|iPhone.Build.0 = Release|x86
		{DF091273-7984-4148-9D5A-D20E15F8EAFA}.Ad-Hoc|iPhone.Deploy.0 = Release|x86
		{DF091273-7984-4148-9D5A-D20E15F8EAFA}.Ad-Hoc|iPhoneSimulator.ActiveCfg = Release|x86
		{DF091273-7984-4148-9D5A-D20E15F8EAFA}.Ad-Hoc|iPhoneSimulator.Build.0 = Release|x86
		{DF091273-7984-4148-9D5A-D20E15F8EAFA}.Ad-Hoc|iPhoneSimulator.Deploy.0 = Release|x86
		{DF091273-7984-4148-9D5A-D20E15F8EAFA}.Ad-Hoc|x64.ActiveCfg = Release|x64
		{DF091273-7984-4148-9D5A-D20E15F8EAFA}.Ad-Hoc|x64.Build.0 = Release|x64
		{DF091273-7984-4148-9D5A-D20E15F8EAFA}.Ad-Hoc|x64.Deploy.0 = Release|x64
		{DF091273-7984-4148-9D5A-D20E15F8EAFA}.Ad-Hoc|x86.ActiveCfg = Release|x86
		{DF091273-7984-4148-9D5A-D20E15F8EAFA}.Ad-Hoc|x86.Build.0 = Release|x86
		{DF091273-7984-4148-9D5A-D20E15F8EAFA}.Ad-Hoc|x86.Deploy.0 = Release|x86
		{DF091273-7984-4148-9D5A-D20E15F8EAFA}.AppStore|Any CPU.ActiveCfg = Release|x86
		{DF091273-7984-4148-9D5A-D20E15F8EAFA}.AppStore|Any CPU.Build.0 = Release|x86
		{DF091273-7984-4148-9D5A-D20E15F8EAFA}.AppStore|Any CPU.Deploy.0 = Release|x86
		{DF091273-7984-4148-9D5A-D20E15F8EAFA}.AppStore|ARM.ActiveCfg = Release|ARM
		{DF091273-7984-4148-9D5A-D20E15F8EAFA}.AppStore|ARM.Build.0 = Release|ARM
		{DF091273-7984-4148-9D5A-D20E15F8EAFA}.AppStore|ARM.Deploy.0 = Release|ARM
		{DF091273-7984-4148-9D5A-D20E15F8EAFA}.AppStore|iPhone.ActiveCfg = Release|x86
		{DF091273-7984-4148-9D5A-D20E15F8EAFA}.AppStore|iPhone.Build.0 = Release|x86
		{DF091273-7984-4148-9D5A-D20E15F8EAFA}.AppStore|iPhone.Deploy.0 = Release|x86
		{DF091273-7984-4148-9D5A-D20E15F8EAFA}.AppStore|iPhoneSimulator.ActiveCfg = Release|x86
		{DF091273-7984-4148-9D5A-D20E15F8EAFA}.AppStore|iPhoneSimulator.Build.0 = Release|x86
		{DF091273-7984-4148-9D5A-D20E15F8EAFA}.AppStore|iPhoneSimulator.Deploy.0 = Release|x86
		{DF091273-7984-4148-9D5A-D20E15F8EAFA}.AppStore|x64.ActiveCfg = Release|x64
		{DF091273-7984-4148-9D5A-D20E15F8EAFA}.AppStore|x64.Build.0 = Release|x64
		{DF091273-7984-4148-9D5A-D20E15F8EAFA}.AppStore|x64.Deploy.0 = Release|x64
		{DF091273-7984-4148-9D5A-D20E15F8EAFA}.AppStore|x86.ActiveCfg = Release|x86
		{DF091273-7984-4148-9D5A-D20E15F8EAFA}.AppStore|x86.Build.0 = Release|x86
		{DF091273-7984-4148-9D5A-D20E15F8EAFA}.AppStore|x86.Deploy.0 = Release|x86
		{DF091273-7984-4148-9D5A-D20E15F8EAFA}.Debug|Any CPU.ActiveCfg = Debug|x86
		{DF091273-7984-4148-9D5A-D20E15F8EAFA}.Debug|ARM.ActiveCfg = Debug|ARM
		{DF091273-7984-4148-9D5A-D20E15F8EAFA}.Debug|ARM.Build.0 = Debug|ARM
		{DF091273-7984-4148-9D5A-D20E15F8EAFA}.Debug|ARM.Deploy.0 = Debug|ARM
		{DF091273-7984-4148-9D5A-D20E15F8EAFA}.Debug|iPhone.ActiveCfg = Debug|x86
		{DF091273-7984-4148-9D5A-D20E15F8EAFA}.Debug|iPhoneSimulator.ActiveCfg = Debug|x86
		{DF091273-7984-4148-9D5A-D20E15F8EAFA}.Debug|x64.ActiveCfg = Debug|x64
		{DF091273-7984-4148-9D5A-D20E15F8EAFA}.Debug|x64.Build.0 = Debug|x64
		{DF091273-7984-4148-9D5A-D20E15F8EAFA}.Debug|x64.Deploy.0 = Debug|x64
		{DF091273-7984-4148-9D5A-D20E15F8EAFA}.Debug|x86.ActiveCfg = Debug|x86
		{DF091273-7984-4148-9D5A-D20E15F8EAFA}.Debug|x86.Build.0 = Debug|x86
		{DF091273-7984-4148-9D5A-D20E15F8EAFA}.Debug|x86.Deploy.0 = Debug|x86
		{DF091273-7984-4148-9D5A-D20E15F8EAFA}.Release|Any CPU.ActiveCfg = Release|x86
		{DF091273-7984-4148-9D5A-D20E15F8EAFA}.Release|ARM.ActiveCfg = Release|ARM
		{DF091273-7984-4148-9D5A-D20E15F8EAFA}.Release|ARM.Build.0 = Release|ARM
		{DF091273-7984-4148-9D5A-D20E15F8EAFA}.Release|ARM.Deploy.0 = Release|ARM
		{DF091273-7984-4148-9D5A-D20E15F8EAFA}.Release|iPhone.ActiveCfg = Release|x86
		{DF091273-7984-4148-9D5A-D20E15F8EAFA}.Release|iPhoneSimulator.ActiveCfg = Release|x86
		{DF091273-7984-4148-9D5A-D20E15F8EAFA}.Release|x64.ActiveCfg = Release|x64
		{DF091273-7984-4148-9D5A-D20E15F8EAFA}.Release|x64.Build.0 = Release|x64
		{DF091273-7984-4148-9D5A-D20E15F8EAFA}.Release|x64.Deploy.0 = Release|x64
		{DF091273-7984-4148-9D5A-D20E15F8EAFA}.Release|x86.ActiveCfg = Release|x86
		{DF091273-7984-4148-9D5A-D20E15F8EAFA}.Release|x86.Build.0 = Release|x86
		{DF091273-7984-4148-9D5A-D20E15F8EAFA}.Release|x86.Deploy.0 = Release|x86
		{4E2FD723-A8EF-46EF-9F5F-B91493032796}.Ad-Hoc|Any CPU.ActiveCfg = Ad-Hoc|iPhone
		{4E2FD723-A8EF-46EF-9F5F-B91493032796}.Ad-Hoc|ARM.ActiveCfg = Ad-Hoc|iPhone
		{4E2FD723-A8EF-46EF-9F5F-B91493032796}.Ad-Hoc|iPhone.ActiveCfg = Ad-Hoc|iPhone
		{4E2FD723-A8EF-46EF-9F5F-B91493032796}.Ad-Hoc|iPhone.Build.0 = Ad-Hoc|iPhone
		{4E2FD723-A8EF-46EF-9F5F-B91493032796}.Ad-Hoc|iPhoneSimulator.ActiveCfg = Ad-Hoc|iPhoneSimulator
		{4E2FD723-A8EF-46EF-9F5F-B91493032796}.Ad-Hoc|iPhoneSimulator.Build.0 = Ad-Hoc|iPhoneSimulator
		{4E2FD723-A8EF-46EF-9F5F-B91493032796}.Ad-Hoc|x64.ActiveCfg = Ad-Hoc|iPhone
		{4E2FD723-A8EF-46EF-9F5F-B91493032796}.Ad-Hoc|x86.ActiveCfg = Ad-Hoc|iPhone
		{4E2FD723-A8EF-46EF-9F5F-B91493032796}.AppStore|Any CPU.ActiveCfg = AppStore|iPhone
		{4E2FD723-A8EF-46EF-9F5F-B91493032796}.AppStore|ARM.ActiveCfg = AppStore|iPhone
		{4E2FD723-A8EF-46EF-9F5F-B91493032796}.AppStore|iPhone.ActiveCfg = AppStore|iPhone
		{4E2FD723-A8EF-46EF-9F5F-B91493032796}.AppStore|iPhone.Build.0 = AppStore|iPhone
		{4E2FD723-A8EF-46EF-9F5F-B91493032796}.AppStore|iPhoneSimulator.ActiveCfg = AppStore|iPhoneSimulator
		{4E2FD723-A8EF-46EF-9F5F-B91493032796}.AppStore|iPhoneSimulator.Build.0 = AppStore|iPhoneSimulator
		{4E2FD723-A8EF-46EF-9F5F-B91493032796}.AppStore|x64.ActiveCfg = AppStore|iPhone
		{4E2FD723-A8EF-46EF-9F5F-B91493032796}.AppStore|x86.ActiveCfg = AppStore|iPhone
		{4E2FD723-A8EF-46EF-9F5F-B91493032796}.Debug|Any CPU.ActiveCfg = Debug|iPhone
		{4E2FD723-A8EF-46EF-9F5F-B91493032796}.Debug|ARM.ActiveCfg = Debug|iPhone
		{4E2FD723-A8EF-46EF-9F5F-B91493032796}.Debug|iPhone.ActiveCfg = Debug|iPhone
		{4E2FD723-A8EF-46EF-9F5F-B91493032796}.Debug|iPhone.Build.0 = Debug|iPhone
		{4E2FD723-A8EF-46EF-9F5F-B91493032796}.Debug|iPhoneSimulator.ActiveCfg = Debug|iPhoneSimulator
		{4E2FD723-A8EF-46EF-9F5F-B91493032796}.Debug|iPhoneSimulator.Build.0 = Debug|iPhoneSimulator
		{4E2FD723-A8EF-46EF-9F5F-B91493032796}.Debug|x64.ActiveCfg = Debug|iPhone
		{4E2FD723-A8EF-46EF-9F5F-B91493032796}.Debug|x86.ActiveCfg = Debug|iPhone
		{4E2FD723-A8EF-46EF-9F5F-B91493032796}.Release|Any CPU.ActiveCfg = Release|iPhone
		{4E2FD723-A8EF-46EF-9F5F-B91493032796}.Release|ARM.ActiveCfg = Release|iPhone
		{4E2FD723-A8EF-46EF-9F5F-B91493032796}.Release|iPhone.ActiveCfg = Release|iPhone
		{4E2FD723-A8EF-46EF-9F5F-B91493032796}.Release|iPhone.Build.0 = Release|iPhone
		{4E2FD723-A8EF-46EF-9F5F-B91493032796}.Release|iPhoneSimulator.ActiveCfg = Release|iPhoneSimulator
		{4E2FD723-A8EF-46EF-9F5F-B91493032796}.Release|iPhoneSimulator.Build.0 = Release|iPhoneSimulator
		{4E2FD723-A8EF-46EF-9F5F-B91493032796}.Release|x64.ActiveCfg = Release|iPhone
		{4E2FD723-A8EF-46EF-9F5F-B91493032796}.Release|x86.ActiveCfg = Release|iPhone
	EndGlobalSection
	GlobalSection(SolutionProperties) = preSolution
		HideSolutionNode = FALSE
	EndGlobalSection
EndGlobal
