
Microsoft Visual Studio Solution File, Format Version 12.00
# Visual Studio 15
VisualStudioVersion = 15.0.26228.4
MinimumVisualStudioVersion = 10.0.40219.1
Project("{D954291E-2A0B-460D-934E-DC6B0785DB48}") = "ChoreWheelApp", "ChoreWheelApp\ChoreWheelApp\ChoreWheelApp.shproj", "{360249C7-A568-4570-9B5C-02AB7E2B57DF}"
EndProject
Project("{FAE04EC0-301F-11D3-BF4B-00C04F79EFBC}") = "ChoreWheelApp.Droid", "ChoreWheelApp\ChoreWheelApp.Droid\ChoreWheelApp.Droid.csproj", "{C9844EEB-006E-4D8F-B458-C044116F7FE5}"
EndProject
Project("{FAE04EC0-301F-11D3-BF4B-00C04F79EFBC}") = "ChoreWheelApp.iOS", "ChoreWheelApp\ChoreWheelApp.iOS\ChoreWheelApp.iOS.csproj", "{D164F63D-1DDC-4551-81C2-4A50CAF5B473}"
EndProject
Project("{FAE04EC0-301F-11D3-BF4B-00C04F79EFBC}") = "ChoreWheelApp.UWP", "ChoreWheelApp\ChoreWheelApp.UWP\ChoreWheelApp.UWP.csproj", "{43D08E16-2832-49E8-A895-41ADE23D158F}"
EndProject
Global
	GlobalSection(SharedMSBuildProjectFiles) = preSolution
		ChoreWheelApp\ChoreWheelApp\ChoreWheelApp.projitems*{360249c7-a568-4570-9b5c-02ab7e2b57df}*SharedItemsImports = 13
		ChoreWheelApp\ChoreWheelApp\ChoreWheelApp.projitems*{43d08e16-2832-49e8-a895-41ade23d158f}*SharedItemsImports = 4
		ChoreWheelApp\ChoreWheelApp\ChoreWheelApp.projitems*{c9844eeb-006e-4d8f-b458-c044116f7fe5}*SharedItemsImports = 4
		ChoreWheelApp\ChoreWheelApp\ChoreWheelApp.projitems*{d164f63d-1ddc-4551-81c2-4a50caf5b473}*SharedItemsImports = 4
	EndGlobalSection
	GlobalSection(SolutionConfigurationPlatforms) = preSolution
		Ad-Hoc|Any CPU = Ad-Hoc|Any CPU
		Ad-Hoc|ARM = Ad-Hoc|ARM
		Ad-Hoc|iPhone = Ad-Hoc|iPhone
		Ad-Hoc|iPhoneSimulator = Ad-Hoc|iPhoneSimulator
		Ad-Hoc|x64 = Ad-Hoc|x64
		Ad-Hoc|x86 = Ad-Hoc|x86
		AppStore|Any CPU = AppStore|Any CPU
		AppStore|ARM = AppStore|ARM
		AppStore|iPhone = AppStore|iPhone
		AppStore|iPhoneSimulator = AppStore|iPhoneSimulator
		AppStore|x64 = AppStore|x64
		AppStore|x86 = AppStore|x86
		Debug|Any CPU = Debug|Any CPU
		Debug|ARM = Debug|ARM
		Debug|iPhone = Debug|iPhone
		Debug|iPhoneSimulator = Debug|iPhoneSimulator
		Debug|x64 = Debug|x64
		Debug|x86 = Debug|x86
		Release|Any CPU = Release|Any CPU
		Release|ARM = Release|ARM
		Release|iPhone = Release|iPhone
		Release|iPhoneSimulator = Release|iPhoneSimulator
		Release|x64 = Release|x64
		Release|x86 = Release|x86
	EndGlobalSection
	GlobalSection(ProjectConfigurationPlatforms) = postSolution
		{C9844EEB-006E-4D8F-B458-C044116F7FE5}.Ad-Hoc|Any CPU.ActiveCfg = Release|Any CPU
		{C9844EEB-006E-4D8F-B458-C044116F7FE5}.Ad-Hoc|Any CPU.Build.0 = Release|Any CPU
		{C9844EEB-006E-4D8F-B458-C044116F7FE5}.Ad-Hoc|Any CPU.Deploy.0 = Release|Any CPU
		{C9844EEB-006E-4D8F-B458-C044116F7FE5}.Ad-Hoc|ARM.ActiveCfg = Release|Any CPU
		{C9844EEB-006E-4D8F-B458-C044116F7FE5}.Ad-Hoc|ARM.Build.0 = Release|Any CPU
		{C9844EEB-006E-4D8F-B458-C044116F7FE5}.Ad-Hoc|ARM.Deploy.0 = Release|Any CPU
		{C9844EEB-006E-4D8F-B458-C044116F7FE5}.Ad-Hoc|iPhone.ActiveCfg = Release|Any CPU
		{C9844EEB-006E-4D8F-B458-C044116F7FE5}.Ad-Hoc|iPhone.Build.0 = Release|Any CPU
		{C9844EEB-006E-4D8F-B458-C044116F7FE5}.Ad-Hoc|iPhone.Deploy.0 = Release|Any CPU
		{C9844EEB-006E-4D8F-B458-C044116F7FE5}.Ad-Hoc|iPhoneSimulator.ActiveCfg = Release|Any CPU
		{C9844EEB-006E-4D8F-B458-C044116F7FE5}.Ad-Hoc|iPhoneSimulator.Build.0 = Release|Any CPU
		{C9844EEB-006E-4D8F-B458-C044116F7FE5}.Ad-Hoc|iPhoneSimulator.Deploy.0 = Release|Any CPU
		{C9844EEB-006E-4D8F-B458-C044116F7FE5}.Ad-Hoc|x64.ActiveCfg = Release|Any CPU
		{C9844EEB-006E-4D8F-B458-C044116F7FE5}.Ad-Hoc|x64.Build.0 = Release|Any CPU
		{C9844EEB-006E-4D8F-B458-C044116F7FE5}.Ad-Hoc|x64.Deploy.0 = Release|Any CPU
		{C9844EEB-006E-4D8F-B458-C044116F7FE5}.Ad-Hoc|x86.ActiveCfg = Release|Any CPU
		{C9844EEB-006E-4D8F-B458-C044116F7FE5}.Ad-Hoc|x86.Build.0 = Release|Any CPU
		{C9844EEB-006E-4D8F-B458-C044116F7FE5}.Ad-Hoc|x86.Deploy.0 = Release|Any CPU
		{C9844EEB-006E-4D8F-B458-C044116F7FE5}.AppStore|Any CPU.ActiveCfg = Release|Any CPU
		{C9844EEB-006E-4D8F-B458-C044116F7FE5}.AppStore|Any CPU.Build.0 = Release|Any CPU
		{C9844EEB-006E-4D8F-B458-C044116F7FE5}.AppStore|Any CPU.Deploy.0 = Release|Any CPU
		{C9844EEB-006E-4D8F-B458-C044116F7FE5}.AppStore|ARM.ActiveCfg = Release|Any CPU
		{C9844EEB-006E-4D8F-B458-C044116F7FE5}.AppStore|ARM.Build.0 = Release|Any CPU
		{C9844EEB-006E-4D8F-B458-C044116F7FE5}.AppStore|ARM.Deploy.0 = Release|Any CPU
		{C9844EEB-006E-4D8F-B458-C044116F7FE5}.AppStore|iPhone.ActiveCfg = Release|Any CPU
		{C9844EEB-006E-4D8F-B458-C044116F7FE5}.AppStore|iPhone.Build.0 = Release|Any CPU
		{C9844EEB-006E-4D8F-B458-C044116F7FE5}.AppStore|iPhone.Deploy.0 = Release|Any CPU
		{C9844EEB-006E-4D8F-B458-C044116F7FE5}.AppStore|iPhoneSimulator.ActiveCfg = Release|Any CPU
		{C9844EEB-006E-4D8F-B458-C044116F7FE5}.AppStore|iPhoneSimulator.Build.0 = Release|Any CPU
		{C9844EEB-006E-4D8F-B458-C044116F7FE5}.AppStore|iPhoneSimulator.Deploy.0 = Release|Any CPU
		{C9844EEB-006E-4D8F-B458-C044116F7FE5}.AppStore|x64.ActiveCfg = Release|Any CPU
		{C9844EEB-006E-4D8F-B458-C044116F7FE5}.AppStore|x64.Build.0 = Release|Any CPU
		{C9844EEB-006E-4D8F-B458-C044116F7FE5}.AppStore|x64.Deploy.0 = Release|Any CPU
		{C9844EEB-006E-4D8F-B458-C044116F7FE5}.AppStore|x86.ActiveCfg = Release|Any CPU
		{C9844EEB-006E-4D8F-B458-C044116F7FE5}.AppStore|x86.Build.0 = Release|Any CPU
		{C9844EEB-006E-4D8F-B458-C044116F7FE5}.AppStore|x86.Deploy.0 = Release|Any CPU
		{C9844EEB-006E-4D8F-B458-C044116F7FE5}.Debug|Any CPU.ActiveCfg = Debug|Any CPU
		{C9844EEB-006E-4D8F-B458-C044116F7FE5}.Debug|Any CPU.Build.0 = Debug|Any CPU
		{C9844EEB-006E-4D8F-B458-C044116F7FE5}.Debug|Any CPU.Deploy.0 = Debug|Any CPU
		{C9844EEB-006E-4D8F-B458-C044116F7FE5}.Debug|ARM.ActiveCfg = Debug|Any CPU
		{C9844EEB-006E-4D8F-B458-C044116F7FE5}.Debug|ARM.Build.0 = Debug|Any CPU
		{C9844EEB-006E-4D8F-B458-C044116F7FE5}.Debug|ARM.Deploy.0 = Debug|Any CPU
		{C9844EEB-006E-4D8F-B458-C044116F7FE5}.Debug|iPhone.ActiveCfg = Debug|Any CPU
		{C9844EEB-006E-4D8F-B458-C044116F7FE5}.Debug|iPhone.Build.0 = Debug|Any CPU
		{C9844EEB-006E-4D8F-B458-C044116F7FE5}.Debug|iPhone.Deploy.0 = Debug|Any CPU
		{C9844EEB-006E-4D8F-B458-C044116F7FE5}.Debug|iPhoneSimulator.ActiveCfg = Debug|Any CPU
		{C9844EEB-006E-4D8F-B458-C044116F7FE5}.Debug|iPhoneSimulator.Build.0 = Debug|Any CPU
		{C9844EEB-006E-4D8F-B458-C044116F7FE5}.Debug|iPhoneSimulator.Deploy.0 = Debug|Any CPU
		{C9844EEB-006E-4D8F-B458-C044116F7FE5}.Debug|x64.ActiveCfg = Debug|Any CPU
		{C9844EEB-006E-4D8F-B458-C044116F7FE5}.Debug|x64.Build.0 = Debug|Any CPU
		{C9844EEB-006E-4D8F-B458-C044116F7FE5}.Debug|x64.Deploy.0 = Debug|Any CPU
		{C9844EEB-006E-4D8F-B458-C044116F7FE5}.Debug|x86.ActiveCfg = Debug|Any CPU
		{C9844EEB-006E-4D8F-B458-C044116F7FE5}.Debug|x86.Build.0 = Debug|Any CPU
		{C9844EEB-006E-4D8F-B458-C044116F7FE5}.Debug|x86.Deploy.0 = Debug|Any CPU
		{C9844EEB-006E-4D8F-B458-C044116F7FE5}.Release|Any CPU.ActiveCfg = Release|Any CPU
		{C9844EEB-006E-4D8F-B458-C044116F7FE5}.Release|Any CPU.Build.0 = Release|Any CPU
		{C9844EEB-006E-4D8F-B458-C044116F7FE5}.Release|Any CPU.Deploy.0 = Release|Any CPU
		{C9844EEB-006E-4D8F-B458-C044116F7FE5}.Release|ARM.ActiveCfg = Release|Any CPU
		{C9844EEB-006E-4D8F-B458-C044116F7FE5}.Release|ARM.Build.0 = Release|Any CPU
		{C9844EEB-006E-4D8F-B458-C044116F7FE5}.Release|ARM.Deploy.0 = Release|Any CPU
		{C9844EEB-006E-4D8F-B458-C044116F7FE5}.Release|iPhone.ActiveCfg = Release|Any CPU
		{C9844EEB-006E-4D8F-B458-C044116F7FE5}.Release|iPhone.Build.0 = Release|Any CPU
		{C9844EEB-006E-4D8F-B458-C044116F7FE5}.Release|iPhone.Deploy.0 = Release|Any CPU
		{C9844EEB-006E-4D8F-B458-C044116F7FE5}.Release|iPhoneSimulator.ActiveCfg = Release|Any CPU
		{C9844EEB-006E-4D8F-B458-C044116F7FE5}.Release|iPhoneSimulator.Build.0 = Release|Any CPU
		{C9844EEB-006E-4D8F-B458-C044116F7FE5}.Release|iPhoneSimulator.Deploy.0 = Release|Any CPU
		{C9844EEB-006E-4D8F-B458-C044116F7FE5}.Release|x64.ActiveCfg = Release|Any CPU
		{C9844EEB-006E-4D8F-B458-C044116F7FE5}.Release|x64.Build.0 = Release|Any CPU
		{C9844EEB-006E-4D8F-B458-C044116F7FE5}.Release|x64.Deploy.0 = Release|Any CPU
		{C9844EEB-006E-4D8F-B458-C044116F7FE5}.Release|x86.ActiveCfg = Release|Any CPU
		{C9844EEB-006E-4D8F-B458-C044116F7FE5}.Release|x86.Build.0 = Release|Any CPU
		{C9844EEB-006E-4D8F-B458-C044116F7FE5}.Release|x86.Deploy.0 = Release|Any CPU
		{D164F63D-1DDC-4551-81C2-4A50CAF5B473}.Ad-Hoc|Any CPU.ActiveCfg = Ad-Hoc|iPhone
		{D164F63D-1DDC-4551-81C2-4A50CAF5B473}.Ad-Hoc|ARM.ActiveCfg = Ad-Hoc|iPhone
		{D164F63D-1DDC-4551-81C2-4A50CAF5B473}.Ad-Hoc|iPhone.ActiveCfg = Ad-Hoc|iPhone
		{D164F63D-1DDC-4551-81C2-4A50CAF5B473}.Ad-Hoc|iPhone.Build.0 = Ad-Hoc|iPhone
		{D164F63D-1DDC-4551-81C2-4A50CAF5B473}.Ad-Hoc|iPhoneSimulator.ActiveCfg = Ad-Hoc|iPhoneSimulator
		{D164F63D-1DDC-4551-81C2-4A50CAF5B473}.Ad-Hoc|iPhoneSimulator.Build.0 = Ad-Hoc|iPhoneSimulator
		{D164F63D-1DDC-4551-81C2-4A50CAF5B473}.Ad-Hoc|x64.ActiveCfg = Ad-Hoc|iPhone
		{D164F63D-1DDC-4551-81C2-4A50CAF5B473}.Ad-Hoc|x86.ActiveCfg = Ad-Hoc|iPhone
		{D164F63D-1DDC-4551-81C2-4A50CAF5B473}.AppStore|Any CPU.ActiveCfg = AppStore|iPhone
		{D164F63D-1DDC-4551-81C2-4A50CAF5B473}.AppStore|ARM.ActiveCfg = AppStore|iPhone
		{D164F63D-1DDC-4551-81C2-4A50CAF5B473}.AppStore|iPhone.ActiveCfg = AppStore|iPhone
		{D164F63D-1DDC-4551-81C2-4A50CAF5B473}.AppStore|iPhone.Build.0 = AppStore|iPhone
		{D164F63D-1DDC-4551-81C2-4A50CAF5B473}.AppStore|iPhoneSimulator.ActiveCfg = AppStore|iPhoneSimulator
		{D164F63D-1DDC-4551-81C2-4A50CAF5B473}.AppStore|iPhoneSimulator.Build.0 = AppStore|iPhoneSimulator
		{D164F63D-1DDC-4551-81C2-4A50CAF5B473}.AppStore|x64.ActiveCfg = AppStore|iPhone
		{D164F63D-1DDC-4551-81C2-4A50CAF5B473}.AppStore|x86.ActiveCfg = AppStore|iPhone
		{D164F63D-1DDC-4551-81C2-4A50CAF5B473}.Debug|Any CPU.ActiveCfg = Debug|iPhone
		{D164F63D-1DDC-4551-81C2-4A50CAF5B473}.Debug|ARM.ActiveCfg = Debug|iPhone
		{D164F63D-1DDC-4551-81C2-4A50CAF5B473}.Debug|iPhone.ActiveCfg = Debug|iPhone
		{D164F63D-1DDC-4551-81C2-4A50CAF5B473}.Debug|iPhone.Build.0 = Debug|iPhone
		{D164F63D-1DDC-4551-81C2-4A50CAF5B473}.Debug|iPhoneSimulator.ActiveCfg = Debug|iPhoneSimulator
		{D164F63D-1DDC-4551-81C2-4A50CAF5B473}.Debug|iPhoneSimulator.Build.0 = Debug|iPhoneSimulator
		{D164F63D-1DDC-4551-81C2-4A50CAF5B473}.Debug|x64.ActiveCfg = Debug|iPhone
		{D164F63D-1DDC-4551-81C2-4A50CAF5B473}.Debug|x86.ActiveCfg = Debug|iPhone
		{D164F63D-1DDC-4551-81C2-4A50CAF5B473}.Release|Any CPU.ActiveCfg = Release|iPhone
		{D164F63D-1DDC-4551-81C2-4A50CAF5B473}.Release|ARM.ActiveCfg = Release|iPhone
		{D164F63D-1DDC-4551-81C2-4A50CAF5B473}.Release|iPhone.ActiveCfg = Release|iPhone
		{D164F63D-1DDC-4551-81C2-4A50CAF5B473}.Release|iPhone.Build.0 = Release|iPhone
		{D164F63D-1DDC-4551-81C2-4A50CAF5B473}.Release|iPhoneSimulator.ActiveCfg = Release|iPhoneSimulator
		{D164F63D-1DDC-4551-81C2-4A50CAF5B473}.Release|iPhoneSimulator.Build.0 = Release|iPhoneSimulator
		{D164F63D-1DDC-4551-81C2-4A50CAF5B473}.Release|x64.ActiveCfg = Release|iPhone
		{D164F63D-1DDC-4551-81C2-4A50CAF5B473}.Release|x86.ActiveCfg = Release|iPhone
		{43D08E16-2832-49E8-A895-41ADE23D158F}.Ad-Hoc|Any CPU.ActiveCfg = Release|x86
		{43D08E16-2832-49E8-A895-41ADE23D158F}.Ad-Hoc|Any CPU.Build.0 = Release|x86
		{43D08E16-2832-49E8-A895-41ADE23D158F}.Ad-Hoc|Any CPU.Deploy.0 = Release|x86
		{43D08E16-2832-49E8-A895-41ADE23D158F}.Ad-Hoc|ARM.ActiveCfg = Release|ARM
		{43D08E16-2832-49E8-A895-41ADE23D158F}.Ad-Hoc|ARM.Build.0 = Release|ARM
		{43D08E16-2832-49E8-A895-41ADE23D158F}.Ad-Hoc|ARM.Deploy.0 = Release|ARM
		{43D08E16-2832-49E8-A895-41ADE23D158F}.Ad-Hoc|iPhone.ActiveCfg = Release|x86
		{43D08E16-2832-49E8-A895-41ADE23D158F}.Ad-Hoc|iPhone.Build.0 = Release|x86
		{43D08E16-2832-49E8-A895-41ADE23D158F}.Ad-Hoc|iPhone.Deploy.0 = Release|x86
		{43D08E16-2832-49E8-A895-41ADE23D158F}.Ad-Hoc|iPhoneSimulator.ActiveCfg = Release|x86
		{43D08E16-2832-49E8-A895-41ADE23D158F}.Ad-Hoc|iPhoneSimulator.Build.0 = Release|x86
		{43D08E16-2832-49E8-A895-41ADE23D158F}.Ad-Hoc|iPhoneSimulator.Deploy.0 = Release|x86
		{43D08E16-2832-49E8-A895-41ADE23D158F}.Ad-Hoc|x64.ActiveCfg = Release|x64
		{43D08E16-2832-49E8-A895-41ADE23D158F}.Ad-Hoc|x64.Build.0 = Release|x64
		{43D08E16-2832-49E8-A895-41ADE23D158F}.Ad-Hoc|x64.Deploy.0 = Release|x64
		{43D08E16-2832-49E8-A895-41ADE23D158F}.Ad-Hoc|x86.ActiveCfg = Release|x86
		{43D08E16-2832-49E8-A895-41ADE23D158F}.Ad-Hoc|x86.Build.0 = Release|x86
		{43D08E16-2832-49E8-A895-41ADE23D158F}.Ad-Hoc|x86.Deploy.0 = Release|x86
		{43D08E16-2832-49E8-A895-41ADE23D158F}.AppStore|Any CPU.ActiveCfg = Release|x86
		{43D08E16-2832-49E8-A895-41ADE23D158F}.AppStore|Any CPU.Build.0 = Release|x86
		{43D08E16-2832-49E8-A895-41ADE23D158F}.AppStore|Any CPU.Deploy.0 = Release|x86
		{43D08E16-2832-49E8-A895-41ADE23D158F}.AppStore|ARM.ActiveCfg = Release|ARM
		{43D08E16-2832-49E8-A895-41ADE23D158F}.AppStore|ARM.Build.0 = Release|ARM
		{43D08E16-2832-49E8-A895-41ADE23D158F}.AppStore|ARM.Deploy.0 = Release|ARM
		{43D08E16-2832-49E8-A895-41ADE23D158F}.AppStore|iPhone.ActiveCfg = Release|x86
		{43D08E16-2832-49E8-A895-41ADE23D158F}.AppStore|iPhone.Build.0 = Release|x86
		{43D08E16-2832-49E8-A895-41ADE23D158F}.AppStore|iPhone.Deploy.0 = Release|x86
		{43D08E16-2832-49E8-A895-41ADE23D158F}.AppStore|iPhoneSimulator.ActiveCfg = Release|x86
		{43D08E16-2832-49E8-A895-41ADE23D158F}.AppStore|iPhoneSimulator.Build.0 = Release|x86
		{43D08E16-2832-49E8-A895-41ADE23D158F}.AppStore|iPhoneSimulator.Deploy.0 = Release|x86
		{43D08E16-2832-49E8-A895-41ADE23D158F}.AppStore|x64.ActiveCfg = Release|x64
		{43D08E16-2832-49E8-A895-41ADE23D158F}.AppStore|x64.Build.0 = Release|x64
		{43D08E16-2832-49E8-A895-41ADE23D158F}.AppStore|x64.Deploy.0 = Release|x64
		{43D08E16-2832-49E8-A895-41ADE23D158F}.AppStore|x86.ActiveCfg = Release|x86
		{43D08E16-2832-49E8-A895-41ADE23D158F}.AppStore|x86.Build.0 = Release|x86
		{43D08E16-2832-49E8-A895-41ADE23D158F}.AppStore|x86.Deploy.0 = Release|x86
		{43D08E16-2832-49E8-A895-41ADE23D158F}.Debug|Any CPU.ActiveCfg = Debug|x86
		{43D08E16-2832-49E8-A895-41ADE23D158F}.Debug|ARM.ActiveCfg = Debug|ARM
		{43D08E16-2832-49E8-A895-41ADE23D158F}.Debug|ARM.Build.0 = Debug|ARM
		{43D08E16-2832-49E8-A895-41ADE23D158F}.Debug|ARM.Deploy.0 = Debug|ARM
		{43D08E16-2832-49E8-A895-41ADE23D158F}.Debug|iPhone.ActiveCfg = Debug|x86
		{43D08E16-2832-49E8-A895-41ADE23D158F}.Debug|iPhoneSimulator.ActiveCfg = Debug|x86
		{43D08E16-2832-49E8-A895-41ADE23D158F}.Debug|x64.ActiveCfg = Debug|x64
		{43D08E16-2832-49E8-A895-41ADE23D158F}.Debug|x64.Build.0 = Debug|x64
		{43D08E16-2832-49E8-A895-41ADE23D158F}.Debug|x64.Deploy.0 = Debug|x64
		{43D08E16-2832-49E8-A895-41ADE23D158F}.Debug|x86.ActiveCfg = Debug|x86
		{43D08E16-2832-49E8-A895-41ADE23D158F}.Debug|x86.Build.0 = Debug|x86
		{43D08E16-2832-49E8-A895-41ADE23D158F}.Debug|x86.Deploy.0 = Debug|x86
		{43D08E16-2832-49E8-A895-41ADE23D158F}.Release|Any CPU.ActiveCfg = Release|x86
		{43D08E16-2832-49E8-A895-41ADE23D158F}.Release|ARM.ActiveCfg = Release|ARM
		{43D08E16-2832-49E8-A895-41ADE23D158F}.Release|ARM.Build.0 = Release|ARM
		{43D08E16-2832-49E8-A895-41ADE23D158F}.Release|ARM.Deploy.0 = Release|ARM
		{43D08E16-2832-49E8-A895-41ADE23D158F}.Release|iPhone.ActiveCfg = Release|x86
		{43D08E16-2832-49E8-A895-41ADE23D158F}.Release|iPhoneSimulator.ActiveCfg = Release|x86
		{43D08E16-2832-49E8-A895-41ADE23D158F}.Release|x64.ActiveCfg = Release|x64
		{43D08E16-2832-49E8-A895-41ADE23D158F}.Release|x64.Build.0 = Release|x64
		{43D08E16-2832-49E8-A895-41ADE23D158F}.Release|x64.Deploy.0 = Release|x64
		{43D08E16-2832-49E8-A895-41ADE23D158F}.Release|x86.ActiveCfg = Release|x86
		{43D08E16-2832-49E8-A895-41ADE23D158F}.Release|x86.Build.0 = Release|x86
		{43D08E16-2832-49E8-A895-41ADE23D158F}.Release|x86.Deploy.0 = Release|x86
	EndGlobalSection
	GlobalSection(SolutionProperties) = preSolution
		HideSolutionNode = FALSE
	EndGlobalSection
EndGlobal
